
Microsoft Visual Studio Solution File, Format Version 12.00
# Visual Studio 15
VisualStudioVersion = 15.0.27428.2037
MinimumVisualStudioVersion = 10.0.40219.1
Project("{FAE04EC0-301F-11D3-BF4B-00C04F79EFBC}") = "CalidadNet", "CalidadNet\CalidadNet.csproj", "{159DC08F-44E0-4D36-83BA-BB709C072499}"
EndProject
Project("{FAE04EC0-301F-11D3-BF4B-00C04F79EFBC}") = "CalidadNetTests", "CalidadNetTests\CalidadNetTests.csproj", "{045BDB74-5615-41E7-8FB1-378867DDDE98}"
EndProject
Global
	GlobalSection(SolutionConfigurationPlatforms) = preSolution
		Debug|Any CPU = Debug|Any CPU
		Release|Any CPU = Release|Any CPU
	EndGlobalSection
	GlobalSection(ProjectConfigurationPlatforms) = postSolution
		{159DC08F-44E0-4D36-83BA-BB709C072499}.Debug|Any CPU.ActiveCfg = Debug|Any CPU
		{159DC08F-44E0-4D36-83BA-BB709C072499}.Debug|Any CPU.Build.0 = Debug|Any CPU
		{159DC08F-44E0-4D36-83BA-BB709C072499}.Release|Any CPU.ActiveCfg = Release|Any CPU
		{159DC08F-44E0-4D36-83BA-BB709C072499}.Release|Any CPU.Build.0 = Release|Any CPU
		{045BDB74-5615-41E7-8FB1-378867DDDE98}.Debug|Any CPU.ActiveCfg = Debug|Any CPU
		{045BDB74-5615-41E7-8FB1-378867DDDE98}.Debug|Any CPU.Build.0 = Debug|Any CPU
		{045BDB74-5615-41E7-8FB1-378867DDDE98}.Release|Any CPU.ActiveCfg = Release|Any CPU
		{045BDB74-5615-41E7-8FB1-378867DDDE98}.Release|Any CPU.Build.0 = Release|Any CPU
	EndGlobalSection
	GlobalSection(SolutionProperties) = preSolution
		HideSolutionNode = FALSE
	EndGlobalSection
	GlobalSection(ExtensibilityGlobals) = postSolution
		SolutionGuid = {95B98B0D-9D8F-4915-8BC8-236C8706159F}
	EndGlobalSection
EndGlobal
